
Microsoft Visual Studio Solution File, Format Version 12.00
# Visual Studio 15
VisualStudioVersion = 15.0.27703.2042
MinimumVisualStudioVersion = 10.0.40219.1
Project("{FAE04EC0-301F-11D3-BF4B-00C04F79EFBC}") = "Workshop6_WaS5_2016", "INF2011S_Workshop7_Shifts1_SOL\Workshop6_WaS5_2016.csproj", "{6A5EB6B1-5AAA-4A10-A55A-8790E4BC4EFB}"
EndProject
Global
	GlobalSection(SolutionConfigurationPlatforms) = preSolution
		Debug|Any CPU = Debug|Any CPU
		Release|Any CPU = Release|Any CPU
	EndGlobalSection
	GlobalSection(ProjectConfigurationPlatforms) = postSolution
		{6A5EB6B1-5AAA-4A10-A55A-8790E4BC4EFB}.Debug|Any CPU.ActiveCfg = Debug|Any CPU
		{6A5EB6B1-5AAA-4A10-A55A-8790E4BC4EFB}.Debug|Any CPU.Build.0 = Debug|Any CPU
		{6A5EB6B1-5AAA-4A10-A55A-8790E4BC4EFB}.Release|Any CPU.ActiveCfg = Release|Any CPU
		{6A5EB6B1-5AAA-4A10-A55A-8790E4BC4EFB}.Release|Any CPU.Build.0 = Release|Any CPU
	EndGlobalSection
	GlobalSection(SolutionProperties) = preSolution
		HideSolutionNode = FALSE
	EndGlobalSection
	GlobalSection(ExtensibilityGlobals) = postSolution
		SolutionGuid = {3BC630F3-68A9-425E-A551-1EAA3D981BBA}
	EndGlobalSection
EndGlobal
